PODS:
  - AFNetworking (2.6.3):
    - AFNetworking/NSURLConnection (= 2.6.3)
    - AFNetworking/NSURLSession (= 2.6.3)
    - AFNetworking/Reachability (= 2.6.3)
    - AFNetworking/Security (= 2.6.3)
    - AFNetworking/Serialization (= 2.6.3)
    - AFNetworking/UIKit (= 2.6.3)
  - AFNetworking/NSURLConnection (2.6.3):
    - AFNetworking/Reachability
    - AFNetworking/Security
    - AFNetworking/Serialization
  - AFNetworking/NSURLSession (2.6.3):
    - AFNetworking/Reachability
    - AFNetworking/Security
    - AFNetworking/Serialization
  - AFNetworking/Reachability (2.6.3)
  - AFNetworking/Security (2.6.3)
  - AFNetworking/Serialization (2.6.3)
  - AFNetworking/UIKit (2.6.3):
    - AFNetworking/NSURLConnection
    - AFNetworking/NSURLSession
  - AMPopTip (1.7.2)
  - CocoaLumberjack (2.2.0):
    - CocoaLumberjack/Default (= 2.2.0)
    - CocoaLumberjack/Extensions (= 2.2.0)
  - CocoaLumberjack/Core (2.2.0)
  - CocoaLumberjack/Default (2.2.0):
    - CocoaLumberjack/Core
  - CocoaLumberjack/Extensions (2.2.0):
    - CocoaLumberjack/Default
  - NBULog (1.2.4):
    - CocoaLumberjack (>= 2.0.0)
  - NBULogStub (0.1.2)
  - NNMediaUploadQueue (0.1.3):
    - AFNetworking
    - NBULogStub
    - NNUtils
  - NNMultipleImagePickerController (0.1.3):
    - NNUtils
  - NNProfiler (1.1.1):
    - NBULogStub
  - NNSprite (0.5.1)
  - NNUtils (1.33.0):
    - AMPopTip
    - NNProfiler
    - NNSprite
    - NSDate-Escort
  - NSDate-Escort (1.5.3)

DEPENDENCIES:
  - NBULog
  - NNMediaUploadQueue (from `../`)
  - NNMultipleImagePickerController

EXTERNAL SOURCES:
  NNMediaUploadQueue:
    :path: ../

SPEC CHECKSUMS:
  AFNetworking: cb8d14a848e831097108418f5d49217339d4eb60
  AMPopTip: c59bb65d9fd230f0dceb5fbb5c92560b649f0195
  CocoaLumberjack: 17fe8581f84914d5d7e6360f7c70022b173c3ae0
  NBULog: 4003be6706b97a7e376ab4171c666ac7c2fbc2b2
  NBULogStub: 398fa3535e3b368d6f1cb3b32c2ac0cb81cf350c
  NNMediaUploadQueue: b53147363ac2329c714f5028334a6b96dc3e0ef4
  NNMultipleImagePickerController: 03b842fbcb3a694b53b90b89d47b799565033c33
  NNProfiler: e2abbda27cd623b19848fa21d3c4e24732c9b648
  NNSprite: 5afb965714210a812394b76b20e94fb902d14db3
  NNUtils: 18d23afb7ed17e6c12916841b91fbbac2d163379
  NSDate-Escort: a01b1298d1ef3a79f6c205ef63a9781c41c8ee78

COCOAPODS: 0.39.0
